// !$*UTF8*$!
{
	archiveVersion = 1;
	classes = {
	};
	objectVersion = 50;
	objects = {

/* Begin PBXBuildFile section */
		8A2FFB3A2513D8AD008D45C9 /* AppDelegate.swift in Sources */ = {isa = PBXBuildFile; fileRef = 8A2FFB392513D8AD008D45C9 /* AppDelegate.swift */; };
		8A2FFB3C2513D8AD008D45C9 /* SceneDelegate.swift in Sources */ = {isa = PBXBuildFile; fileRef = 8A2FFB3B2513D8AD008D45C9 /* SceneDelegate.swift */; };
		8A2FFB3E2513D8AD008D45C9 /* HomeViewController.swift in Sources */ = {isa = PBXBuildFile; fileRef = 8A2FFB3D2513D8AD008D45C9 /* HomeViewController.swift */; };
		8A2FFB432513D8B0008D45C9 /* Assets.xcassets in Resources */ = {isa = PBXBuildFile; fileRef = 8A2FFB422513D8B0008D45C9 /* Assets.xcassets */; };
		8A2FFB462513D8B0008D45C9 /* LaunchScreen.storyboard in Resources */ = {isa = PBXBuildFile; fileRef = 8A2FFB442513D8B0008D45C9 /* LaunchScreen.storyboard */; };
		8A2FFB4E2513DB04008D45C9 /* HomeView.swift in Sources */ = {isa = PBXBuildFile; fileRef = 8A2FFB4D2513DB04008D45C9 /* HomeView.swift */; };
		8A2FFB502513DB43008D45C9 /* Utils.swift in Sources */ = {isa = PBXBuildFile; fileRef = 8A2FFB4F2513DB43008D45C9 /* Utils.swift */; };
		8A2FFB5B2513FE5C008D45C9 /* CookieKit.h in Headers */ = {isa = PBXBuildFile; fileRef = 8A2FFB592513FE5C008D45C9 /* CookieKit.h */; settings = {ATTRIBUTES = (Public, ); }; };
		8A2FFB5E2513FE5C008D45C9 /* CookieKit.framework in Frameworks */ = {isa = PBXBuildFile; fileRef = 8A2FFB572513FE5C008D45C9 /* CookieKit.framework */; };
		8A2FFB5F2513FE5C008D45C9 /* CookieKit.framework in Embed Frameworks */ = {isa = PBXBuildFile; fileRef = 8A2FFB572513FE5C008D45C9 /* CookieKit.framework */; settings = {ATTRIBUTES = (CodeSignOnCopy, RemoveHeadersOnCopy, ); }; };
		8A2FFB652513FEEA008D45C9 /* NSUserActiviy+IntentData.swift in Sources */ = {isa = PBXBuildFile; fileRef = 8A2FFB642513FEEA008D45C9 /* NSUserActiviy+IntentData.swift */; };
		8A2FFB692514036E008D45C9 /* CookiesViewController.swift in Sources */ = {isa = PBXBuildFile; fileRef = 8A2FFB682514036E008D45C9 /* CookiesViewController.swift */; };
		8A2FFB6B251403C7008D45C9 /* CookieView.swift in Sources */ = {isa = PBXBuildFile; fileRef = 8A2FFB6A251403C7008D45C9 /* CookieView.swift */; };
		8A2FFB6D251404BB008D45C9 /* CookiesStore.swift in Sources */ = {isa = PBXBuildFile; fileRef = 8A2FFB6C251404BB008D45C9 /* CookiesStore.swift */; };
		8ABAB56E2514401600BCAA4F /* CookiesStore.swift in Sources */ = {isa = PBXBuildFile; fileRef = 8A2FFB6C251404BB008D45C9 /* CookiesStore.swift */; };
		8ABAB5722514405800BCAA4F /* CookiesStore.swift in Sources */ = {isa = PBXBuildFile; fileRef = 8A2FFB6C251404BB008D45C9 /* CookiesStore.swift */; };
		8AE7CDF82514329300398955 /* IntentHandler.swift in Sources */ = {isa = PBXBuildFile; fileRef = 8AE7CDF72514329300398955 /* IntentHandler.swift */; };
		8AE7CDFF2514329300398955 /* IntentsUI.framework in Frameworks */ = {isa = PBXBuildFile; fileRef = 8AFC952D251422820097B6B4 /* IntentsUI.framework */; };
		8AE7CE022514329300398955 /* IntentViewController.swift in Sources */ = {isa = PBXBuildFile; fileRef = 8AE7CE012514329300398955 /* IntentViewController.swift */; };
		8AE7CE052514329300398955 /* MainInterface.storyboard in Resources */ = {isa = PBXBuildFile; fileRef = 8AE7CE032514329300398955 /* MainInterface.storyboard */; };
		8AE7CE092514329300398955 /* ViewCookiesUI.appex in Embed App Extensions */ = {isa = PBXBuildFile; fileRef = 8AE7CDFE2514329300398955 /* ViewCookiesUI.appex */; settings = {ATTRIBUTES = (RemoveHeadersOnCopy, ); }; };
		8AE7CE0C2514329300398955 /* ViewCookies.appex in Embed App Extensions */ = {isa = PBXBuildFile; fileRef = 8AE7CDF52514329300398955 /* ViewCookies.appex */; settings = {ATTRIBUTES = (RemoveHeadersOnCopy, ); }; };
		8AE7CE28251438FC00398955 /* Intents.intentdefinition in Sources */ = {isa = PBXBuildFile; fileRef = 8AFC951B251421AF0097B6B4 /* Intents.intentdefinition */; settings = {ATTRIBUTES = (no_codegen, ); }; };
		8AE7CE2C251438FC00398955 /* Intents.intentdefinition in Sources */ = {isa = PBXBuildFile; fileRef = 8AFC951B251421AF0097B6B4 /* Intents.intentdefinition */; settings = {ATTRIBUTES = (no_codegen, ); }; };
		8AFC951A25140B9A0097B6B4 /* CookiesSummaryView.swift in Sources */ = {isa = PBXBuildFile; fileRef = 8AFC951825140B930097B6B4 /* CookiesSummaryView.swift */; };
		8AFC951C251421AF0097B6B4 /* Intents.intentdefinition in Sources */ = {isa = PBXBuildFile; fileRef = 8AFC951B251421AF0097B6B4 /* Intents.intentdefinition */; };
		8AFC951D251421BD0097B6B4 /* Intents.intentdefinition in Sources */ = {isa = PBXBuildFile; fileRef = 8AFC951B251421AF0097B6B4 /* Intents.intentdefinition */; settings = {ATTRIBUTES = (no_codegen, ); }; };
		8AFC9594251427970097B6B4 /* ViewMyCookiesIntentHandler.swift in Sources */ = {isa = PBXBuildFile; fileRef = 8AFC9592251427900097B6B4 /* ViewMyCookiesIntentHandler.swift */; };
/* End PBXBuildFile section */

/* Begin PBXContainerItemProxy section */
		8A2FFB5C2513FE5C008D45C9 /* PBXContainerItemProxy */ = {
			isa = PBXContainerItemProxy;
			containerPortal = 8A2FFB2E2513D8AD008D45C9 /* Project object */;
			proxyType = 1;
			remoteGlobalIDString = 8A2FFB562513FE5C008D45C9;
			remoteInfo = CookieKit;
		};
		8AE7CE072514329300398955 /* PBXContainerItemProxy */ = {
			isa = PBXContainerItemProxy;
			containerPortal = 8A2FFB2E2513D8AD008D45C9 /* Project object */;
			proxyType = 1;
			remoteGlobalIDString = 8AE7CDFD2514329300398955;
			remoteInfo = ViewCookiesUI;
		};
		8AE7CE0A2514329300398955 /* PBXContainerItemProxy */ = {
			isa = PBXContainerItemProxy;
			containerPortal = 8A2FFB2E2513D8AD008D45C9 /* Project object */;
			proxyType = 1;
			remoteGlobalIDString = 8AE7CDF42514329300398955;
			remoteInfo = ViewCookies;
		};
/* End PBXContainerItemProxy section */

/* Begin PBXCopyFilesBuildPhase section */
		8A2FFB632513FE5C008D45C9 /* Embed Frameworks */ = {
			isa = PBXCopyFilesBuildPhase;
			buildActionMask = 2147483647;
			dstPath = "";
			dstSubfolderSpec = 10;
			files = (
				8A2FFB5F2513FE5C008D45C9 /* CookieKit.framework in Embed Frameworks */,
			);
			name = "Embed Frameworks";
			runOnlyForDeploymentPostprocessing = 0;
		};
		8AFC9538251422820097B6B4 /* Embed App Extensions */ = {
			isa = PBXCopyFilesBuildPhase;
			buildActionMask = 2147483647;
			dstPath = "";
			dstSubfolderSpec = 13;
			files = (
				8AE7CE092514329300398955 /* ViewCookiesUI.appex in Embed App Extensions */,
				8AE7CE0C2514329300398955 /* ViewCookies.appex in Embed App Extensions */,
			);
			name = "Embed App Extensions";
			runOnlyForDeploymentPostprocessing = 0;
		};
/* End PBXCopyFilesBuildPhase section */

/* Begin PBXFileReference section */
		8A2FFB362513D8AD008D45C9 /* Cookie Tracker.app */ = {isa = PBXFileReference; explicitFileType = wrapper.application; includeInIndex = 0; path = "Cookie Tracker.app"; sourceTree = BUILT_PRODUCTS_DIR; };
		8A2FFB392513D8AD008D45C9 /* AppDelegate.swift */ = {isa = PBXFileReference; lastKnownFileType = sourcecode.swift; path = AppDelegate.swift; sourceTree = "<group>"; };
		8A2FFB3B2513D8AD008D45C9 /* SceneDelegate.swift */ = {isa = PBXFileReference; lastKnownFileType = sourcecode.swift; path = SceneDelegate.swift; sourceTree = "<group>"; };
		8A2FFB3D2513D8AD008D45C9 /* HomeViewController.swift */ = {isa = PBXFileReference; lastKnownFileType = sourcecode.swift; path = HomeViewController.swift; sourceTree = "<group>"; };
		8A2FFB422513D8B0008D45C9 /* Assets.xcassets */ = {isa = PBXFileReference; lastKnownFileType = folder.assetcatalog; path = Assets.xcassets; sourceTree = "<group>"; };
		8A2FFB452513D8B0008D45C9 /* Base */ = {isa = PBXFileReference; lastKnownFileType = file.storyboard; name = Base; path = Base.lproj/LaunchScreen.storyboard; sourceTree = "<group>"; };
		8A2FFB472513D8B0008D45C9 /* Info.plist */ = {isa = PBXFileReference; lastKnownFileType = text.plist.xml; path = Info.plist; sourceTree = "<group>"; };
		8A2FFB4D2513DB04008D45C9 /* HomeView.swift */ = {isa = PBXFileReference; lastKnownFileType = sourcecode.swift; path = HomeView.swift; sourceTree = "<group>"; };
		8A2FFB4F2513DB43008D45C9 /* Utils.swift */ = {isa = PBXFileReference; lastKnownFileType = sourcecode.swift; path = Utils.swift; sourceTree = "<group>"; };
		8A2FFB572513FE5C008D45C9 /* CookieKit.framework */ = {isa = PBXFileReference; explicitFileType = wrapper.framework; includeInIndex = 0; path = CookieKit.framework; sourceTree = BUILT_PRODUCTS_DIR; };
		8A2FFB592513FE5C008D45C9 /* CookieKit.h */ = {isa = PBXFileReference; lastKnownFileType = sourcecode.c.h; path = CookieKit.h; sourceTree = "<group>"; };
		8A2FFB5A2513FE5C008D45C9 /* Info.plist */ = {isa = PBXFileReference; lastKnownFileType = text.plist.xml; path = Info.plist; sourceTree = "<group>"; };
		8A2FFB642513FEEA008D45C9 /* NSUserActiviy+IntentData.swift */ = {isa = PBXFileReference; lastKnownFileType = sourcecode.swift; path = "NSUserActiviy+IntentData.swift"; sourceTree = "<group>"; };
		8A2FFB682514036E008D45C9 /* CookiesViewController.swift */ = {isa = PBXFileReference; lastKnownFileType = sourcecode.swift; path = CookiesViewController.swift; sourceTree = "<group>"; };
		8A2FFB6A251403C7008D45C9 /* CookieView.swift */ = {isa = PBXFileReference; lastKnownFileType = sourcecode.swift; path = CookieView.swift; sourceTree = "<group>"; };
		8A2FFB6C251404BB008D45C9 /* CookiesStore.swift */ = {isa = PBXFileReference; lastKnownFileType = sourcecode.swift; path = CookiesStore.swift; sourceTree = "<group>"; };
		8ABAB57F251443E100BCAA4F /* ViewCookies.entitlements */ = {isa = PBXFileReference; lastKnownFileType = text.plist.entitlements; path = ViewCookies.entitlements; sourceTree = "<group>"; };
		8ABAB583251443EE00BCAA4F /* ViewCookiesUI.entitlements */ = {isa = PBXFileReference; lastKnownFileType = text.plist.entitlements; path = ViewCookiesUI.entitlements; sourceTree = "<group>"; };
		8AE7CDF52514329300398955 /* ViewCookies.appex */ = {isa = PBXFileReference; explicitFileType = "wrapper.app-extension"; includeInIndex = 0; path = ViewCookies.appex; sourceTree = BUILT_PRODUCTS_DIR; };
		8AE7CDF72514329300398955 /* IntentHandler.swift */ = {isa = PBXFileReference; lastKnownFileType = sourcecode.swift; path = IntentHandler.swift; sourceTree = "<group>"; };
		8AE7CDF92514329300398955 /* Info.plist */ = {isa = PBXFileReference; lastKnownFileType = text.plist.xml; path = Info.plist; sourceTree = "<group>"; };
		8AE7CDFE2514329300398955 /* ViewCookiesUI.appex */ = {isa = PBXFileReference; explicitFileType = "wrapper.app-extension"; includeInIndex = 0; path = ViewCookiesUI.appex; sourceTree = BUILT_PRODUCTS_DIR; };
		8AE7CE012514329300398955 /* IntentViewController.swift */ = {isa = PBXFileReference; lastKnownFileType = sourcecode.swift; path = IntentViewController.swift; sourceTree = "<group>"; };
		8AE7CE042514329300398955 /* Base */ = {isa = PBXFileReference; lastKnownFileType = file.storyboard; name = Base; path = Base.lproj/MainInterface.storyboard; sourceTree = "<group>"; };
		8AE7CE062514329300398955 /* Info.plist */ = {isa = PBXFileReference; lastKnownFileType = text.plist.xml; path = Info.plist; sourceTree = "<group>"; };
		8AFC951825140B930097B6B4 /* CookiesSummaryView.swift */ = {isa = PBXFileReference; lastKnownFileType = sourcecode.swift; path = CookiesSummaryView.swift; sourceTree = "<group>"; };
		8AFC951B251421AF0097B6B4 /* Intents.intentdefinition */ = {isa = PBXFileReference; lastKnownFileType = file.intentdefinition; path = Intents.intentdefinition; sourceTree = "<group>"; };
		8AFC952D251422820097B6B4 /* IntentsUI.framework */ = {isa = PBXFileReference; lastKnownFileType = wrapper.framework; name = IntentsUI.framework; path = System/Library/Frameworks/IntentsUI.framework; sourceTree = SDKROOT; };
		8AFC956D251426EE0097B6B4 /* Cookie Tracker.entitlements */ = {isa = PBXFileReference; lastKnownFileType = text.plist.entitlements; path = "Cookie Tracker.entitlements"; sourceTree = "<group>"; };
		8AFC9592251427900097B6B4 /* ViewMyCookiesIntentHandler.swift */ = {isa = PBXFileReference; lastKnownFileType = sourcecode.swift; path = ViewMyCookiesIntentHandler.swift; sourceTree = "<group>"; };
/* End PBXFileReference section */

/* Begin PBXFrameworksBuildPhase section */
		8A2FFB332513D8AD008D45C9 /* Frameworks */ = {
			isa = PBXFrameworksBuildPhase;
			buildActionMask = 2147483647;
			files = (
				8A2FFB5E2513FE5C008D45C9 /* CookieKit.framework in Frameworks */,
			);
			runOnlyForDeploymentPostprocessing = 0;
		};
		8A2FFB542513FE5C008D45C9 /* Frameworks */ = {
			isa = PBXFrameworksBuildPhase;
			buildActionMask = 2147483647;
			files = (
			);
			runOnlyForDeploymentPostprocessing = 0;
		};
		8AE7CDF22514329300398955 /* Frameworks */ = {
			isa = PBXFrameworksBuildPhase;
			buildActionMask = 2147483647;
			files = (
			);
			runOnlyForDeploymentPostprocessing = 0;
		};
		8AE7CDFB2514329300398955 /* Frameworks */ = {
			isa = PBXFrameworksBuildPhase;
			buildActionMask = 2147483647;
			files = (
				8AE7CDFF2514329300398955 /* IntentsUI.framework in Frameworks */,
			);
			runOnlyForDeploymentPostprocessing = 0;
		};
/* End PBXFrameworksBuildPhase section */

/* Begin PBXGroup section */
		8A2FFB2D2513D8AD008D45C9 = {
			isa = PBXGroup;
			children = (
				8A2FFB582513FE5C008D45C9 /* CookieKit */,
				8A2FFB512513FE31008D45C9 /* Shared */,
				8A2FFB382513D8AD008D45C9 /* Cookie Tracker */,
				8AE7CDF62514329300398955 /* ViewCookies */,
				8AE7CE002514329300398955 /* ViewCookiesUI */,
				8AFC952C251422820097B6B4 /* Frameworks */,
				8A2FFB372513D8AD008D45C9 /* Products */,
			);
			sourceTree = "<group>";
		};
		8A2FFB372513D8AD008D45C9 /* Products */ = {
			isa = PBXGroup;
			children = (
				8A2FFB362513D8AD008D45C9 /* Cookie Tracker.app */,
				8A2FFB572513FE5C008D45C9 /* CookieKit.framework */,
				8AE7CDF52514329300398955 /* ViewCookies.appex */,
				8AE7CDFE2514329300398955 /* ViewCookiesUI.appex */,
			);
			name = Products;
			sourceTree = "<group>";
		};
		8A2FFB382513D8AD008D45C9 /* Cookie Tracker */ = {
			isa = PBXGroup;
			children = (
				8AFC956D251426EE0097B6B4 /* Cookie Tracker.entitlements */,
				8A2FFB672514035C008D45C9 /* Cookies */,
				8A2FFB6625140352008D45C9 /* Home */,
				8A2FFB392513D8AD008D45C9 /* AppDelegate.swift */,
				8A2FFB3B2513D8AD008D45C9 /* SceneDelegate.swift */,
				8A2FFB422513D8B0008D45C9 /* Assets.xcassets */,
				8A2FFB442513D8B0008D45C9 /* LaunchScreen.storyboard */,
				8A2FFB472513D8B0008D45C9 /* Info.plist */,
				8A2FFB4F2513DB43008D45C9 /* Utils.swift */,
			);
			path = "Cookie Tracker";
			sourceTree = "<group>";
		};
		8A2FFB512513FE31008D45C9 /* Shared */ = {
			isa = PBXGroup;
			children = (
				8A2FFB642513FEEA008D45C9 /* NSUserActiviy+IntentData.swift */,
				8A2FFB6C251404BB008D45C9 /* CookiesStore.swift */,
				8AFC951825140B930097B6B4 /* CookiesSummaryView.swift */,
				8AFC951B251421AF0097B6B4 /* Intents.intentdefinition */,
				8AFC9592251427900097B6B4 /* ViewMyCookiesIntentHandler.swift */,
			);
			path = Shared;
			sourceTree = "<group>";
		};
		8A2FFB582513FE5C008D45C9 /* CookieKit */ = {
			isa = PBXGroup;
			children = (
				8A2FFB592513FE5C008D45C9 /* CookieKit.h */,
				8A2FFB5A2513FE5C008D45C9 /* Info.plist */,
			);
			path = CookieKit;
			sourceTree = "<group>";
		};
		8A2FFB6625140352008D45C9 /* Home */ = {
			isa = PBXGroup;
			children = (
				8A2FFB3D2513D8AD008D45C9 /* HomeViewController.swift */,
				8A2FFB4D2513DB04008D45C9 /* HomeView.swift */,
			);
			path = Home;
			sourceTree = "<group>";
		};
		8A2FFB672514035C008D45C9 /* Cookies */ = {
			isa = PBXGroup;
			children = (
				8A2FFB682514036E008D45C9 /* CookiesViewController.swift */,
				8A2FFB6A251403C7008D45C9 /* CookieView.swift */,
			);
			path = Cookies;
			sourceTree = "<group>";
		};
		8AE7CDF62514329300398955 /* ViewCookies */ = {
			isa = PBXGroup;
			children = (
				8ABAB57F251443E100BCAA4F /* ViewCookies.entitlements */,
				8AE7CDF72514329300398955 /* IntentHandler.swift */,
				8AE7CDF92514329300398955 /* Info.plist */,
			);
			path = ViewCookies;
			sourceTree = "<group>";
		};
		8AE7CE002514329300398955 /* ViewCookiesUI */ = {
			isa = PBXGroup;
			children = (
				8ABAB583251443EE00BCAA4F /* ViewCookiesUI.entitlements */,
				8AE7CE012514329300398955 /* IntentViewController.swift */,
				8AE7CE032514329300398955 /* MainInterface.storyboard */,
				8AE7CE062514329300398955 /* Info.plist */,
			);
			path = ViewCookiesUI;
			sourceTree = "<group>";
		};
		8AFC952C251422820097B6B4 /* Frameworks */ = {
			isa = PBXGroup;
			children = (
				8AFC952D251422820097B6B4 /* IntentsUI.framework */,
			);
			name = Frameworks;
			sourceTree = "<group>";
		};
/* End PBXGroup section */

/* Begin PBXHeadersBuildPhase section */
		8A2FFB522513FE5C008D45C9 /* Headers */ = {
			isa = PBXHeadersBuildPhase;
			buildActionMask = 2147483647;
			files = (
				8A2FFB5B2513FE5C008D45C9 /* CookieKit.h in Headers */,
			);
			runOnlyForDeploymentPostprocessing = 0;
		};
/* End PBXHeadersBuildPhase section */

/* Begin PBXNativeTarget section */
		8A2FFB352513D8AD008D45C9 /* Cookie Tracker */ = {
			isa = PBXNativeTarget;
			buildConfigurationList = 8A2FFB4A2513D8B0008D45C9 /* Build configuration list for PBXNativeTarget "Cookie Tracker" */;
			buildPhases = (
				8A2FFB322513D8AD008D45C9 /* Sources */,
				8A2FFB332513D8AD008D45C9 /* Frameworks */,
				8A2FFB342513D8AD008D45C9 /* Resources */,
				8A2FFB632513FE5C008D45C9 /* Embed Frameworks */,
				8AFC9538251422820097B6B4 /* Embed App Extensions */,
			);
			buildRules = (
			);
			dependencies = (
				8A2FFB5D2513FE5C008D45C9 /* PBXTargetDependency */,
				8AE7CE082514329300398955 /* PBXTargetDependency */,
				8AE7CE0B2514329300398955 /* PBXTargetDependency */,
			);
			name = "Cookie Tracker";
			productName = "Cookie Tracker";
			productReference = 8A2FFB362513D8AD008D45C9 /* Cookie Tracker.app */;
			productType = "com.apple.product-type.application";
		};
		8A2FFB562513FE5C008D45C9 /* CookieKit */ = {
			isa = PBXNativeTarget;
			buildConfigurationList = 8A2FFB602513FE5C008D45C9 /* Build configuration list for PBXNativeTarget "CookieKit" */;
			buildPhases = (
				8A2FFB522513FE5C008D45C9 /* Headers */,
				8A2FFB532513FE5C008D45C9 /* Sources */,
				8A2FFB542513FE5C008D45C9 /* Frameworks */,
				8A2FFB552513FE5C008D45C9 /* Resources */,
			);
			buildRules = (
			);
			dependencies = (
			);
			name = CookieKit;
			productName = CookieKit;
			productReference = 8A2FFB572513FE5C008D45C9 /* CookieKit.framework */;
			productType = "com.apple.product-type.framework";
		};
		8AE7CDF42514329300398955 /* ViewCookies */ = {
			isa = PBXNativeTarget;
			buildConfigurationList = 8AE7CE102514329300398955 /* Build configuration list for PBXNativeTarget "ViewCookies" */;
			buildPhases = (
				8AE7CDF12514329300398955 /* Sources */,
				8AE7CDF22514329300398955 /* Frameworks */,
				8AE7CDF32514329300398955 /* Resources */,
			);
			buildRules = (
			);
			dependencies = (
			);
			name = ViewCookies;
			productName = ViewCookies;
			productReference = 8AE7CDF52514329300398955 /* ViewCookies.appex */;
			productType = "com.apple.product-type.app-extension";
		};
		8AE7CDFD2514329300398955 /* ViewCookiesUI */ = {
			isa = PBXNativeTarget;
			buildConfigurationList = 8AE7CE0D2514329300398955 /* Build configuration list for PBXNativeTarget "ViewCookiesUI" */;
			buildPhases = (
				8AE7CDFA2514329300398955 /* Sources */,
				8AE7CDFB2514329300398955 /* Frameworks */,
				8AE7CDFC2514329300398955 /* Resources */,
			);
			buildRules = (
			);
			dependencies = (
			);
			name = ViewCookiesUI;
			productName = ViewCookiesUI;
			productReference = 8AE7CDFE2514329300398955 /* ViewCookiesUI.appex */;
			productType = "com.apple.product-type.app-extension";
		};
/* End PBXNativeTarget section */

/* Begin PBXProject section */
		8A2FFB2E2513D8AD008D45C9 /* Project object */ = {
			isa = PBXProject;
			attributes = {
				LastSwiftUpdateCheck = 1200;
				LastUpgradeCheck = 1170;
				ORGANIZATIONNAME = "Piotr Szadkowski";
				TargetAttributes = {
					8A2FFB352513D8AD008D45C9 = {
						CreatedOnToolsVersion = 11.7;
					};
					8A2FFB562513FE5C008D45C9 = {
						CreatedOnToolsVersion = 11.7;
						LastSwiftMigration = 1170;
					};
					8AE7CDF42514329300398955 = {
						CreatedOnToolsVersion = 12.0;
					};
					8AE7CDFD2514329300398955 = {
						CreatedOnToolsVersion = 12.0;
					};
				};
			};
			buildConfigurationList = 8A2FFB312513D8AD008D45C9 /* Build configuration list for PBXProject "Cookie Tracker" */;
			compatibilityVersion = "Xcode 9.3";
			developmentRegion = en;
			hasScannedForEncodings = 0;
			knownRegions = (
				en,
				Base,
			);
			mainGroup = 8A2FFB2D2513D8AD008D45C9;
			productRefGroup = 8A2FFB372513D8AD008D45C9 /* Products */;
			projectDirPath = "";
			projectRoot = "";
			targets = (
				8A2FFB352513D8AD008D45C9 /* Cookie Tracker */,
				8A2FFB562513FE5C008D45C9 /* CookieKit */,
				8AE7CDF42514329300398955 /* ViewCookies */,
				8AE7CDFD2514329300398955 /* ViewCookiesUI */,
			);
		};
/* End PBXProject section */

/* Begin PBXResourcesBuildPhase section */
		8A2FFB342513D8AD008D45C9 /* Resources */ = {
			isa = PBXResourcesBuildPhase;
			buildActionMask = 2147483647;
			files = (
				8A2FFB462513D8B0008D45C9 /* LaunchScreen.storyboard in Resources */,
				8A2FFB432513D8B0008D45C9 /* Assets.xcassets in Resources */,
			);
			runOnlyForDeploymentPostprocessing = 0;
		};
		8A2FFB552513FE5C008D45C9 /* Resources */ = {
			isa = PBXResourcesBuildPhase;
			buildActionMask = 2147483647;
			files = (
			);
			runOnlyForDeploymentPostprocessing = 0;
		};
		8AE7CDF32514329300398955 /* Resources */ = {
			isa = PBXResourcesBuildPhase;
			buildActionMask = 2147483647;
			files = (
			);
			runOnlyForDeploymentPostprocessing = 0;
		};
		8AE7CDFC2514329300398955 /* Resources */ = {
			isa = PBXResourcesBuildPhase;
			buildActionMask = 2147483647;
			files = (
				8AE7CE052514329300398955 /* MainInterface.storyboard in Resources */,
			);
			runOnlyForDeploymentPostprocessing = 0;
		};
/* End PBXResourcesBuildPhase section */

/* Begin PBXSourcesBuildPhase section */
		8A2FFB322513D8AD008D45C9 /* Sources */ = {
			isa = PBXSourcesBuildPhase;
			buildActionMask = 2147483647;
			files = (
				8A2FFB502513DB43008D45C9 /* Utils.swift in Sources */,
				8A2FFB4E2513DB04008D45C9 /* HomeView.swift in Sources */,
				8A2FFB6B251403C7008D45C9 /* CookieView.swift in Sources */,
				8AFC951D251421BD0097B6B4 /* Intents.intentdefinition in Sources */,
				8A2FFB692514036E008D45C9 /* CookiesViewController.swift in Sources */,
				8A2FFB6D251404BB008D45C9 /* CookiesStore.swift in Sources */,
				8A2FFB3E2513D8AD008D45C9 /* HomeViewController.swift in Sources */,
				8A2FFB3A2513D8AD008D45C9 /* AppDelegate.swift in Sources */,
				8A2FFB3C2513D8AD008D45C9 /* SceneDelegate.swift in Sources */,
			);
			runOnlyForDeploymentPostprocessing = 0;
		};
		8A2FFB532513FE5C008D45C9 /* Sources */ = {
			isa = PBXSourcesBuildPhase;
			buildActionMask = 2147483647;
			files = (
				8AFC951C251421AF0097B6B4 /* Intents.intentdefinition in Sources */,
				8A2FFB652513FEEA008D45C9 /* NSUserActiviy+IntentData.swift in Sources */,
				8AFC9594251427970097B6B4 /* ViewMyCookiesIntentHandler.swift in Sources */,
				8ABAB5722514405800BCAA4F /* CookiesStore.swift in Sources */,
				8AFC951A25140B9A0097B6B4 /* CookiesSummaryView.swift in Sources */,
			);
			runOnlyForDeploymentPostprocessing = 0;
		};
		8AE7CDF12514329300398955 /* Sources */ = {
			isa = PBXSourcesBuildPhase;
			buildActionMask = 2147483647;
			files = (
				8AE7CE28251438FC00398955 /* Intents.intentdefinition in Sources */,
				8AE7CDF82514329300398955 /* IntentHandler.swift in Sources */,
			);
			runOnlyForDeploymentPostprocessing = 0;
		};
		8AE7CDFA2514329300398955 /* Sources */ = {
			isa = PBXSourcesBuildPhase;
			buildActionMask = 2147483647;
			files = (
				8AE7CE2C251438FC00398955 /* Intents.intentdefinition in Sources */,
				8ABAB56E2514401600BCAA4F /* CookiesStore.swift in Sources */,
				8AE7CE022514329300398955 /* IntentViewController.swift in Sources */,
			);
			runOnlyForDeploymentPostprocessing = 0;
		};
/* End PBXSourcesBuildPhase section */

/* Begin PBXTargetDependency section */
		8A2FFB5D2513FE5C008D45C9 /* PBXTargetDependency */ = {
			isa = PBXTargetDependency;
			target = 8A2FFB562513FE5C008D45C9 /* CookieKit */;
			targetProxy = 8A2FFB5C2513FE5C008D45C9 /* PBXContainerItemProxy */;
		};
		8AE7CE082514329300398955 /* PBXTargetDependency */ = {
			isa = PBXTargetDependency;
			target = 8AE7CDFD2514329300398955 /* ViewCookiesUI */;
			targetProxy = 8AE7CE072514329300398955 /* PBXContainerItemProxy */;
		};
		8AE7CE0B2514329300398955 /* PBXTargetDependency */ = {
			isa = PBXTargetDependency;
			target = 8AE7CDF42514329300398955 /* ViewCookies */;
			targetProxy = 8AE7CE0A2514329300398955 /* PBXContainerItemProxy */;
		};
/* End PBXTargetDependency section */

/* Begin PBXVariantGroup section */
		8A2FFB442513D8B0008D45C9 /* LaunchScreen.storyboard */ = {
			isa = PBXVariantGroup;
			children = (
				8A2FFB452513D8B0008D45C9 /* Base */,
			);
			name = LaunchScreen.storyboard;
			sourceTree = "<group>";
		};
		8AE7CE032514329300398955 /* MainInterface.storyboard */ = {
			isa = PBXVariantGroup;
			children = (
				8AE7CE042514329300398955 /* Base */,
			);
			name = MainInterface.storyboard;
			sourceTree = "<group>";
		};
/* End PBXVariantGroup section */

/* Begin XCBuildConfiguration section */
		8A2FFB482513D8B0008D45C9 /* Debug */ = {
			isa = XCBuildConfiguration;
			buildSettings = {
				ALWAYS_SEARCH_USER_PATHS = NO;
				CLANG_ANALYZER_NONNULL = YES;
				CLANG_ANALYZER_NUMBER_OBJECT_CONVERSION = YES_AGGRESSIVE;
				CLANG_CXX_LANGUAGE_STANDARD = "gnu++14";
				CLANG_CXX_LIBRARY = "libc++";
				CLANG_ENABLE_MODULES = YES;
				CLANG_ENABLE_OBJC_ARC = YES;
				CLANG_ENABLE_OBJC_WEAK = YES;
				CLANG_WARN_BLOCK_CAPTURE_AUTORELEASING = YES;
				CLANG_WARN_BOOL_CONVERSION = YES;
				CLANG_WARN_COMMA = YES;
				CLANG_WARN_CONSTANT_CONVERSION = YES;
				CLANG_WARN_DEPRECATED_OBJC_IMPLEMENTATIONS = YES;
				CLANG_WARN_DIRECT_OBJC_ISA_USAGE = YES_ERROR;
				CLANG_WARN_DOCUMENTATION_COMMENTS = YES;
				CLANG_WARN_EMPTY_BODY = YES;
				CLANG_WARN_ENUM_CONVERSION = YES;
				CLANG_WARN_INFINITE_RECURSION = YES;
				CLANG_WARN_INT_CONVERSION = YES;
				CLANG_WARN_NON_LITERAL_NULL_CONVERSION = YES;
				CLANG_WARN_OBJC_IMPLICIT_RETAIN_SELF = YES;
				CLANG_WARN_OBJC_LITERAL_CONVERSION = YES;
				CLANG_WARN_OBJC_ROOT_CLASS = YES_ERROR;
				CLANG_WARN_RANGE_LOOP_ANALYSIS = YES;
				CLANG_WARN_STRICT_PROTOTYPES = YES;
				CLANG_WARN_SUSPICIOUS_MOVE = YES;
				CLANG_WARN_UNGUARDED_AVAILABILITY = YES_AGGRESSIVE;
				CLANG_WARN_UNREACHABLE_CODE = YES;
				CLANG_WARN__DUPLICATE_METHOD_MATCH = YES;
				COPY_PHASE_STRIP = NO;
				DEBUG_INFORMATION_FORMAT = dwarf;
				ENABLE_STRICT_OBJC_MSGSEND = YES;
				ENABLE_TESTABILITY = YES;
				GCC_C_LANGUAGE_STANDARD = gnu11;
				GCC_DYNAMIC_NO_PIC = NO;
				GCC_NO_COMMON_BLOCKS = YES;
				GCC_OPTIMIZATION_LEVEL = 0;
				GCC_PREPROCESSOR_DEFINITIONS = (
					"DEBUG=1",
					"$(inherited)",
				);
				GCC_WARN_64_TO_32_BIT_CONVERSION = YES;
				GCC_WARN_ABOUT_RETURN_TYPE = YES_ERROR;
				GCC_WARN_UNDECLARED_SELECTOR = YES;
				GCC_WARN_UNINITIALIZED_AUTOS = YES_AGGRESSIVE;
				GCC_WARN_UNUSED_FUNCTION = YES;
				GCC_WARN_UNUSED_VARIABLE = YES;
				IPHONEOS_DEPLOYMENT_TARGET = 13.7;
				MTL_ENABLE_DEBUG_INFO = INCLUDE_SOURCE;
				MTL_FAST_MATH = YES;
				ONLY_ACTIVE_ARCH = YES;
				SDKROOT = iphoneos;
				SWIFT_ACTIVE_COMPILATION_CONDITIONS = DEBUG;
				SWIFT_OPTIMIZATION_LEVEL = "-Onone";
			};
			name = Debug;
		};
		8A2FFB492513D8B0008D45C9 /* Release */ = {
			isa = XCBuildConfiguration;
			buildSettings = {
				ALWAYS_SEARCH_USER_PATHS = NO;
				CLANG_ANALYZER_NONNULL = YES;
				CLANG_ANALYZER_NUMBER_OBJECT_CONVERSION = YES_AGGRESSIVE;
				CLANG_CXX_LANGUAGE_STANDARD = "gnu++14";
				CLANG_CXX_LIBRARY = "libc++";
				CLANG_ENABLE_MODULES = YES;
				CLANG_ENABLE_OBJC_ARC = YES;
				CLANG_ENABLE_OBJC_WEAK = YES;
				CLANG_WARN_BLOCK_CAPTURE_AUTORELEASING = YES;
				CLANG_WARN_BOOL_CONVERSION = YES;
				CLANG_WARN_COMMA = YES;
				CLANG_WARN_CONSTANT_CONVERSION = YES;
				CLANG_WARN_DEPRECATED_OBJC_IMPLEMENTATIONS = YES;
				CLANG_WARN_DIRECT_OBJC_ISA_USAGE = YES_ERROR;
				CLANG_WARN_DOCUMENTATION_COMMENTS = YES;
				CLANG_WARN_EMPTY_BODY = YES;
				CLANG_WARN_ENUM_CONVERSION = YES;
				CLANG_WARN_INFINITE_RECURSION = YES;
				CLANG_WARN_INT_CONVERSION = YES;
				CLANG_WARN_NON_LITERAL_NULL_CONVERSION = YES;
				CLANG_WARN_OBJC_IMPLICIT_RETAIN_SELF = YES;
				CLANG_WARN_OBJC_LITERAL_CONVERSION = YES;
				CLANG_WARN_OBJC_ROOT_CLASS = YES_ERROR;
				CLANG_WARN_RANGE_LOOP_ANALYSIS = YES;
				CLANG_WARN_STRICT_PROTOTYPES = YES;
				CLANG_WARN_SUSPICIOUS_MOVE = YES;
				CLANG_WARN_UNGUARDED_AVAILABILITY = YES_AGGRESSIVE;
				CLANG_WARN_UNREACHABLE_CODE = YES;
				CLANG_WARN__DUPLICATE_METHOD_MATCH = YES;
				COPY_PHASE_STRIP = NO;
				DEBUG_INFORMATION_FORMAT = "dwarf-with-dsym";
				ENABLE_NS_ASSERTIONS = NO;
				ENABLE_STRICT_OBJC_MSGSEND = YES;
				GCC_C_LANGUAGE_STANDARD = gnu11;
				GCC_NO_COMMON_BLOCKS = YES;
				GCC_WARN_64_TO_32_BIT_CONVERSION = YES;
				GCC_WARN_ABOUT_RETURN_TYPE = YES_ERROR;
				GCC_WARN_UNDECLARED_SELECTOR = YES;
				GCC_WARN_UNINITIALIZED_AUTOS = YES_AGGRESSIVE;
				GCC_WARN_UNUSED_FUNCTION = YES;
				GCC_WARN_UNUSED_VARIABLE = YES;
				IPHONEOS_DEPLOYMENT_TARGET = 13.7;
				MTL_ENABLE_DEBUG_INFO = NO;
				MTL_FAST_MATH = YES;
				SDKROOT = iphoneos;
				SWIFT_COMPILATION_MODE = wholemodule;
				SWIFT_OPTIMIZATION_LEVEL = "-O";
				VALIDATE_PRODUCT = YES;
			};
			name = Release;
		};
		8A2FFB4B2513D8B0008D45C9 /* Debug */ = {
			isa = XCBuildConfiguration;
			buildSettings = {
				ALWAYS_EMBED_SWIFT_STANDARD_LIBRARIES = YES;
				APPLICATION_EXTENSION_API_ONLY = YES;
				ASSETCATALOG_COMPILER_APPICON_NAME = AppIcon;
				CODE_SIGN_ENTITLEMENTS = "Cookie Tracker/Cookie Tracker.entitlements";
				CODE_SIGN_STYLE = Automatic;
				DEVELOPMENT_TEAM = 2BGU6TY568;
				INFOPLIST_FILE = "Cookie Tracker/Info.plist";
				LD_RUNPATH_SEARCH_PATHS = (
					"$(inherited)",
					"@executable_path/Frameworks",
				);
				PRODUCT_BUNDLE_IDENTIFIER = "com.offthecodee.Cookie-Tracker";
				PRODUCT_NAME = "$(TARGET_NAME)";
				SWIFT_VERSION = 5.0;
				TARGETED_DEVICE_FAMILY = 1;
			};
			name = Debug;
		};
		8A2FFB4C2513D8B0008D45C9 /* Release */ = {
			isa = XCBuildConfiguration;
			buildSettings = {
				ALWAYS_EMBED_SWIFT_STANDARD_LIBRARIES = YES;
				APPLICATION_EXTENSION_API_ONLY = YES;
				ASSETCATALOG_COMPILER_APPICON_NAME = AppIcon;
				CODE_SIGN_ENTITLEMENTS = "Cookie Tracker/Cookie Tracker.entitlements";
				CODE_SIGN_IDENTITY = "Apple Development";
				CODE_SIGN_STYLE = Automatic;
				DEVELOPMENT_TEAM = 2BGU6TY568;
				INFOPLIST_FILE = "Cookie Tracker/Info.plist";
				LD_RUNPATH_SEARCH_PATHS = (
					"$(inherited)",
					"@executable_path/Frameworks",
				);
				PRODUCT_BUNDLE_IDENTIFIER = "com.offthecodee.Cookie-Tracker";
				PRODUCT_NAME = "$(TARGET_NAME)";
				PROVISIONING_PROFILE_SPECIFIER = "";
				SWIFT_VERSION = 5.0;
				TARGETED_DEVICE_FAMILY = 1;
			};
			name = Release;
		};
		8A2FFB612513FE5C008D45C9 /* Debug */ = {
			isa = XCBuildConfiguration;
			buildSettings = {
				CLANG_ENABLE_MODULES = YES;
				CODE_SIGN_STYLE = Automatic;
				CURRENT_PROJECT_VERSION = 1;
				DEFINES_MODULE = YES;
				DEVELOPMENT_TEAM = 2BGU6TY568;
				DYLIB_COMPATIBILITY_VERSION = 1;
				DYLIB_CURRENT_VERSION = 1;
				DYLIB_INSTALL_NAME_BASE = "@rpath";
				INFOPLIST_FILE = CookieKit/Info.plist;
				INSTALL_PATH = "$(LOCAL_LIBRARY_DIR)/Frameworks";
				LD_RUNPATH_SEARCH_PATHS = (
					"$(inherited)",
					"@executable_path/Frameworks",
					"@loader_path/Frameworks",
				);
				PRODUCT_BUNDLE_IDENTIFIER = com.offthecodee..CookieKit;
				PRODUCT_NAME = "$(TARGET_NAME:c99extidentifier)";
				SKIP_INSTALL = YES;
				SWIFT_OPTIMIZATION_LEVEL = "-Onone";
				SWIFT_VERSION = 5.0;
				TARGETED_DEVICE_FAMILY = "1,2";
				VERSIONING_SYSTEM = "apple-generic";
				VERSION_INFO_PREFIX = "";
			};
			name = Debug;
		};
		8A2FFB622513FE5C008D45C9 /* Release */ = {
			isa = XCBuildConfiguration;
			buildSettings = {
				CLANG_ENABLE_MODULES = YES;
				CODE_SIGN_STYLE = Automatic;
				CURRENT_PROJECT_VERSION = 1;
				DEFINES_MODULE = YES;
				DEVELOPMENT_TEAM = 2BGU6TY568;
				DYLIB_COMPATIBILITY_VERSION = 1;
				DYLIB_CURRENT_VERSION = 1;
				DYLIB_INSTALL_NAME_BASE = "@rpath";
				INFOPLIST_FILE = CookieKit/Info.plist;
				INSTALL_PATH = "$(LOCAL_LIBRARY_DIR)/Frameworks";
				LD_RUNPATH_SEARCH_PATHS = (
					"$(inherited)",
					"@executable_path/Frameworks",
					"@loader_path/Frameworks",
				);
				PRODUCT_BUNDLE_IDENTIFIER = com.offthecodee..CookieKit;
				PRODUCT_NAME = "$(TARGET_NAME:c99extidentifier)";
				SKIP_INSTALL = YES;
				SWIFT_VERSION = 5.0;
				TARGETED_DEVICE_FAMILY = "1,2";
				VERSIONING_SYSTEM = "apple-generic";
				VERSION_INFO_PREFIX = "";
			};
			name = Release;
		};
		8AE7CE0E2514329300398955 /* Debug */ = {
			isa = XCBuildConfiguration;
			buildSettings = {
				CLANG_WARN_QUOTED_INCLUDE_IN_FRAMEWORK_HEADER = YES;
				CODE_SIGN_ENTITLEMENTS = ViewCookiesUI/ViewCookiesUI.entitlements;
				CODE_SIGN_STYLE = Automatic;
				DEVELOPMENT_TEAM = 2BGU6TY568;
				INFOPLIST_FILE = ViewCookiesUI/Info.plist;
				IPHONEOS_DEPLOYMENT_TARGET = 14.0;
				LD_RUNPATH_SEARCH_PATHS = (
					"$(inherited)",
					"@executable_path/Frameworks",
					"@executable_path/../../Frameworks",
				);
				PRODUCT_BUNDLE_IDENTIFIER = "com.offthecodee.Cookie-Tracker.ViewCookiesUI";
				PRODUCT_NAME = "$(TARGET_NAME)";
				SKIP_INSTALL = YES;
				SWIFT_VERSION = 5.0;
				TARGETED_DEVICE_FAMILY = "1,2";
			};
			name = Debug;
		};
		8AE7CE0F2514329300398955 /* Release */ = {
			isa = XCBuildConfiguration;
			buildSettings = {
				CLANG_WARN_QUOTED_INCLUDE_IN_FRAMEWORK_HEADER = YES;
				CODE_SIGN_ENTITLEMENTS = ViewCookiesUI/ViewCookiesUI.entitlements;
				CODE_SIGN_IDENTITY = "Apple Development";
				CODE_SIGN_STYLE = Automatic;
				DEVELOPMENT_TEAM = 2BGU6TY568;
				INFOPLIST_FILE = ViewCookiesUI/Info.plist;
				IPHONEOS_DEPLOYMENT_TARGET = 14.0;
				LD_RUNPATH_SEARCH_PATHS = (
					"$(inherited)",
					"@executable_path/Frameworks",
					"@executable_path/../../Frameworks",
				);
				PRODUCT_BUNDLE_IDENTIFIER = "com.offthecodee.Cookie-Tracker.ViewCookiesUI";
				PRODUCT_NAME = "$(TARGET_NAME)";
				SKIP_INSTALL = YES;
				SWIFT_VERSION = 5.0;
				TARGETED_DEVICE_FAMILY = "1,2";
			};
			name = Release;
		};
		8AE7CE112514329300398955 /* Debug */ = {
			isa = XCBuildConfiguration;
			buildSettings = {
				CLANG_WARN_QUOTED_INCLUDE_IN_FRAMEWORK_HEADER = YES;
				CODE_SIGN_ENTITLEMENTS = ViewCookies/ViewCookies.entitlements;
				CODE_SIGN_STYLE = Automatic;
				DEVELOPMENT_TEAM = 2BGU6TY568;
				INFOPLIST_FILE = ViewCookies/Info.plist;
				IPHONEOS_DEPLOYMENT_TARGET = 14.0;
				LD_RUNPATH_SEARCH_PATHS = (
					"$(inherited)",
					"@executable_path/Frameworks",
					"@executable_path/../../Frameworks",
				);
				PRODUCT_BUNDLE_IDENTIFIER = "com.offthecodee.Cookie-Tracker.ViewCookies";
				PRODUCT_NAME = "$(TARGET_NAME)";
				SKIP_INSTALL = YES;
				SWIFT_VERSION = 5.0;
				TARGETED_DEVICE_FAMILY = "1,2";
			};
			name = Debug;
		};
		8AE7CE122514329300398955 /* Release */ = {
			isa = XCBuildConfiguration;
			buildSettings = {
				CLANG_WARN_QUOTED_INCLUDE_IN_FRAMEWORK_HEADER = YES;
				CODE_SIGN_ENTITLEMENTS = ViewCookies/ViewCookies.entitlements;
				CODE_SIGN_IDENTITY = "Apple Development";
				CODE_SIGN_STYLE = Automatic;
				DEVELOPMENT_TEAM = 2BGU6TY568;
				INFOPLIST_FILE = ViewCookies/Info.plist;
				IPHONEOS_DEPLOYMENT_TARGET = 14.0;
				LD_RUNPATH_SEARCH_PATHS = (
					"$(inherited)",
					"@executable_path/Frameworks",
					"@executable_path/../../Frameworks",
				);
				PRODUCT_BUNDLE_IDENTIFIER = "com.offthecodee.Cookie-Tracker.ViewCookies";
				PRODUCT_NAME = "$(TARGET_NAME)";
				SKIP_INSTALL = YES;
				SWIFT_VERSION = 5.0;
				TARGETED_DEVICE_FAMILY = "1,2";
			};
			name = Release;
		};
/* End XCBuildConfiguration section */

/* Begin XCConfigurationList section */
		8A2FFB312513D8AD008D45C9 /* Build configuration list for PBXProject "Cookie Tracker" */ = {
			isa = XCConfigurationList;
			buildConfigurations = (
				8A2FFB482513D8B0008D45C9 /* Debug */,
				8A2FFB492513D8B0008D45C9 /* Release */,
			);
			defaultConfigurationIsVisible = 0;
			defaultConfigurationName = Release;
		};
		8A2FFB4A2513D8B0008D45C9 /* Build configuration list for PBXNativeTarget "Cookie Tracker" */ = {
			isa = XCConfigurationList;
			buildConfigurations = (
				8A2FFB4B2513D8B0008D45C9 /* Debug */,
				8A2FFB4C2513D8B0008D45C9 /* Release */,
			);
			defaultConfigurationIsVisible = 0;
			defaultConfigurationName = Release;
		};
		8A2FFB602513FE5C008D45C9 /* Build configuration list for PBXNativeTarget "CookieKit" */ = {
			isa = XCConfigurationList;
			buildConfigurations = (
				8A2FFB612513FE5C008D45C9 /* Debug */,
				8A2FFB622513FE5C008D45C9 /* Release */,
			);
			defaultConfigurationIsVisible = 0;
			defaultConfigurationName = Release;
		};
		8AE7CE0D2514329300398955 /* Build configuration list for PBXNativeTarget "ViewCookiesUI" */ = {
			isa = XCConfigurationList;
			buildConfigurations = (
				8AE7CE0E2514329300398955 /* Debug */,
				8AE7CE0F2514329300398955 /* Release */,
			);
			defaultConfigurationIsVisible = 0;
			defaultConfigurationName = Release;
		};
		8AE7CE102514329300398955 /* Build configuration list for PBXNativeTarget "ViewCookies" */ = {
			isa = XCConfigurationList;
			buildConfigurations = (
				8AE7CE112514329300398955 /* Debug */,
				8AE7CE122514329300398955 /* Release */,
			);
			defaultConfigurationIsVisible = 0;
			defaultConfigurationName = Release;
		};
/* End XCConfigurationList section */
	};
	rootObject = 8A2FFB2E2513D8AD008D45C9 /* Project object */;
}
